
Microsoft Visual Studio Solution File, Format Version 12.00
# Visual Studio Version 17
VisualStudioVersion = 17.0.32014.148
MinimumVisualStudioVersion = 10.0.40219.1
Project("{888888A0-9F3D-457C-B088-3A5042F75D52}") = "Windows Activator", "Windows Activator\Windows Activator.pyproj", "{EB6D3836-A4E9-486A-B821-1D70C660CC39}"
EndProject
Global
	GlobalSection(SolutionConfigurationPlatforms) = preSolution
		Debug|Any CPU = Debug|Any CPU
		Release|Any CPU = Release|Any CPU
	EndGlobalSection
	GlobalSection(ProjectConfigurationPlatforms) = postSolution
		{EB6D3836-A4E9-486A-B821-1D70C660CC39}.Debug|Any CPU.ActiveCfg = Debug|Any CPU
		{EB6D3836-A4E9-486A-B821-1D70C660CC39}.Release|Any CPU.ActiveCfg = Release|Any CPU
	EndGlobalSection
	GlobalSection(SolutionProperties) = preSolution
		HideSolutionNode = FALSE
	EndGlobalSection
	GlobalSection(ExtensibilityGlobals) = postSolution
		SolutionGuid = {3DC8F7DE-AC03-4497-92AD-E73172C358F2}
	EndGlobalSection
EndGlobal
